// !$*UTF8*$!
{
	archiveVersion = 1;
	classes = {
	};
	objectVersion = 55;
	objects = {

/* Begin PBXBuildFile section */
		047E6F5E139695941C0E9598 /* Pods_TripReview_TripReviewUITests.framework in Frameworks */ = {isa = PBXBuildFile; fileRef = B68B0912F8F86EE6A0D0530F /* Pods_TripReview_TripReviewUITests.framework */; };
		81A95DABB762058D78F108E7 /* Pods_TripReviewTests.framework in Frameworks */ = {isa = PBXBuildFile; fileRef = 376B7CA96A360A50AA518077 /* Pods_TripReviewTests.framework */; };
		A853C0DB9DFF1BBC5EA00180 /* Pods_TripReview.framework in Frameworks */ = {isa = PBXBuildFile; fileRef = 39EFAE5EA22EB0F8E36D9E79 /* Pods_TripReview.framework */; };
		B33CDC182836CFD0006B8F23 /* AppDelegate.swift in Sources */ = {isa = PBXBuildFile; fileRef = B33CDC172836CFD0006B8F23 /* AppDelegate.swift */; };
		B33CDC1C2836CFD0006B8F23 /* MainVC.swift in Sources */ = {isa = PBXBuildFile; fileRef = B33CDC1B2836CFD0006B8F23 /* MainVC.swift */; };
		B33CDC212836CFD4006B8F23 /* Assets.xcassets in Resources */ = {isa = PBXBuildFile; fileRef = B33CDC202836CFD4006B8F23 /* Assets.xcassets */; };
		B33CDC242836CFD4006B8F23 /* LaunchScreen.storyboard in Resources */ = {isa = PBXBuildFile; fileRef = B33CDC222836CFD4006B8F23 /* LaunchScreen.storyboard */; };
		B33CDC2F2836CFD4006B8F23 /* TripReviewTests.swift in Sources */ = {isa = PBXBuildFile; fileRef = B33CDC2E2836CFD4006B8F23 /* TripReviewTests.swift */; };
		B33CDC392836CFD4006B8F23 /* TripReviewUITests.swift in Sources */ = {isa = PBXBuildFile; fileRef = B33CDC382836CFD4006B8F23 /* TripReviewUITests.swift */; };
		B33CDC3B2836CFD4006B8F23 /* TripReviewUITestsLaunchTests.swift in Sources */ = {isa = PBXBuildFile; fileRef = B33CDC3A2836CFD4006B8F23 /* TripReviewUITestsLaunchTests.swift */; };
		B33CDC482836D4D1006B8F23 /* AssemblyBuilder.swift in Sources */ = {isa = PBXBuildFile; fileRef = B33CDC472836D4D1006B8F23 /* AssemblyBuilder.swift */; };
		B33CDC4D2836D703006B8F23 /* MainVCPresenter.swift in Sources */ = {isa = PBXBuildFile; fileRef = B33CDC4C2836D703006B8F23 /* MainVCPresenter.swift */; };
		B33CDC502836D7C6006B8F23 /* NetworkService.swift in Sources */ = {isa = PBXBuildFile; fileRef = B33CDC4F2836D7C6006B8F23 /* NetworkService.swift */; };
		B33CDC532836DB9A006B8F23 /* Api.swift in Sources */ = {isa = PBXBuildFile; fileRef = B33CDC522836DB9A006B8F23 /* Api.swift */; };
		B33CDC552836E2B1006B8F23 /* Constants.swift in Sources */ = {isa = PBXBuildFile; fileRef = B33CDC542836E2B1006B8F23 /* Constants.swift */; };
		B33CDC582836E575006B8F23 /* PurpleButton.swift in Sources */ = {isa = PBXBuildFile; fileRef = B33CDC572836E575006B8F23 /* PurpleButton.swift */; };
		B33CDC5E2836F0F0006B8F23 /* ReviewSlidersVC.swift in Sources */ = {isa = PBXBuildFile; fileRef = B33CDC5D2836F0F0006B8F23 /* ReviewSlidersVC.swift */; };
		B33CDC602836F1C2006B8F23 /* ReviewSlidersVCPresenter.swift in Sources */ = {isa = PBXBuildFile; fileRef = B33CDC5F2836F1C2006B8F23 /* ReviewSlidersVCPresenter.swift */; };
		B33CDC622836F8B8006B8F23 /* TopCell.swift in Sources */ = {isa = PBXBuildFile; fileRef = B33CDC612836F8B8006B8F23 /* TopCell.swift */; };
		B33CDC642836FADA006B8F23 /* PointCell.swift in Sources */ = {isa = PBXBuildFile; fileRef = B33CDC632836FADA006B8F23 /* PointCell.swift */; };
		B33CDC66283A1631006B8F23 /* Router.swift in Sources */ = {isa = PBXBuildFile; fileRef = B33CDC65283A1631006B8F23 /* Router.swift */; };
		B33CDC6A283ACE36006B8F23 /* GrayTitleButton.swift in Sources */ = {isa = PBXBuildFile; fileRef = B33CDC69283ACE36006B8F23 /* GrayTitleButton.swift */; };
		B389D736283B6FAD007ED3DC /* Extensions.swift in Sources */ = {isa = PBXBuildFile; fileRef = B389D735283B6FAD007ED3DC /* Extensions.swift */; };
		B389D73C283B73C2007ED3DC /* ReviewTexts.swift in Sources */ = {isa = PBXBuildFile; fileRef = B389D73B283B73C2007ED3DC /* ReviewTexts.swift */; };
		B389D73E283B742C007ED3DC /* ReviewTextsPresenter.swift in Sources */ = {isa = PBXBuildFile; fileRef = B389D73D283B742C007ED3DC /* ReviewTextsPresenter.swift */; };
		B389D740283B7AC4007ED3DC /* TextViewWIthPlaceholder.swift in Sources */ = {isa = PBXBuildFile; fileRef = B389D73F283B7AC4007ED3DC /* TextViewWIthPlaceholder.swift */; };
		B389D742283B8AE3007ED3DC /* ReviewModel.swift in Sources */ = {isa = PBXBuildFile; fileRef = B389D741283B8AE3007ED3DC /* ReviewModel.swift */; };
		B389D744283BA10F007ED3DC /* SliderForReview.swift in Sources */ = {isa = PBXBuildFile; fileRef = B389D743283BA10E007ED3DC /* SliderForReview.swift */; };
		B389D746283BC605007ED3DC /* ResponseAlert.swift in Sources */ = {isa = PBXBuildFile; fileRef = B389D745283BC605007ED3DC /* ResponseAlert.swift */; };
		B389D748283BC633007ED3DC /* ExtensionForVC.swift in Sources */ = {isa = PBXBuildFile; fileRef = B389D747283BC633007ED3DC /* ExtensionForVC.swift */; };
/* End PBXBuildFile section */

/* Begin PBXContainerItemProxy section */
		B33CDC2B2836CFD4006B8F23 /* PBXContainerItemProxy */ = {
			isa = PBXContainerItemProxy;
			containerPortal = B33CDC0C2836CFD0006B8F23 /* Project object */;
			proxyType = 1;
			remoteGlobalIDString = B33CDC132836CFD0006B8F23;
			remoteInfo = TripReview;
		};
		B33CDC352836CFD4006B8F23 /* PBXContainerItemProxy */ = {
			isa = PBXContainerItemProxy;
			containerPortal = B33CDC0C2836CFD0006B8F23 /* Project object */;
			proxyType = 1;
			remoteGlobalIDString = B33CDC132836CFD0006B8F23;
			remoteInfo = TripReview;
		};
/* End PBXContainerItemProxy section */

/* Begin PBXFileReference section */
		113982DD4208BD25653B79D4 /* Pods-TripReviewTests.release.xcconfig */ = {isa = PBXFileReference; includeInIndex = 1; lastKnownFileType = text.xcconfig; name = "Pods-TripReviewTests.release.xcconfig"; path = "Target Support Files/Pods-TripReviewTests/Pods-TripReviewTests.release.xcconfig"; sourceTree = "<group>"; };
		1A3F0098AF3939A856111475 /* Pods-TripReview.release.xcconfig */ = {isa = PBXFileReference; includeInIndex = 1; lastKnownFileType = text.xcconfig; name = "Pods-TripReview.release.xcconfig"; path = "Target Support Files/Pods-TripReview/Pods-TripReview.release.xcconfig"; sourceTree = "<group>"; };
		376B7CA96A360A50AA518077 /* Pods_TripReviewTests.framework */ = {isa = PBXFileReference; explicitFileType = wrapper.framework; includeInIndex = 0; path = Pods_TripReviewTests.framework; sourceTree = BUILT_PRODUCTS_DIR; };
		39EFAE5EA22EB0F8E36D9E79 /* Pods_TripReview.framework */ = {isa = PBXFileReference; explicitFileType = wrapper.framework; includeInIndex = 0; path = Pods_TripReview.framework; sourceTree = BUILT_PRODUCTS_DIR; };
		44912A39D18E628CE883285C /* Pods-TripReview.debug.xcconfig */ = {isa = PBXFileReference; includeInIndex = 1; lastKnownFileType = text.xcconfig; name = "Pods-TripReview.debug.xcconfig"; path = "Target Support Files/Pods-TripReview/Pods-TripReview.debug.xcconfig"; sourceTree = "<group>"; };
		4DC0D2ACCF15CA18496C1E48 /* Pods-TripReview-TripReviewUITests.debug.xcconfig */ = {isa = PBXFileReference; includeInIndex = 1; lastKnownFileType = text.xcconfig; name = "Pods-TripReview-TripReviewUITests.debug.xcconfig"; path = "Target Support Files/Pods-TripReview-TripReviewUITests/Pods-TripReview-TripReviewUITests.debug.xcconfig"; sourceTree = "<group>"; };
		6B3900CFC18C081D06610549 /* Pods-TripReview-TripReviewUITests.release.xcconfig */ = {isa = PBXFileReference; includeInIndex = 1; lastKnownFileType = text.xcconfig; name = "Pods-TripReview-TripReviewUITests.release.xcconfig"; path = "Target Support Files/Pods-TripReview-TripReviewUITests/Pods-TripReview-TripReviewUITests.release.xcconfig"; sourceTree = "<group>"; };
		B33CDC142836CFD0006B8F23 /* TripReview.app */ = {isa = PBXFileReference; explicitFileType = wrapper.application; includeInIndex = 0; path = TripReview.app; sourceTree = BUILT_PRODUCTS_DIR; };
		B33CDC172836CFD0006B8F23 /* AppDelegate.swift */ = {isa = PBXFileReference; lastKnownFileType = sourcecode.swift; path = AppDelegate.swift; sourceTree = "<group>"; };
		B33CDC1B2836CFD0006B8F23 /* MainVC.swift */ = {isa = PBXFileReference; lastKnownFileType = sourcecode.swift; path = MainVC.swift; sourceTree = "<group>"; };
		B33CDC202836CFD4006B8F23 /* Assets.xcassets */ = {isa = PBXFileReference; lastKnownFileType = folder.assetcatalog; path = Assets.xcassets; sourceTree = "<group>"; };
		B33CDC232836CFD4006B8F23 /* Base */ = {isa = PBXFileReference; lastKnownFileType = file.storyboard; name = Base; path = Base.lproj/LaunchScreen.storyboard; sourceTree = "<group>"; };
		B33CDC252836CFD4006B8F23 /* Info.plist */ = {isa = PBXFileReference; lastKnownFileType = text.plist.xml; path = Info.plist; sourceTree = "<group>"; };
		B33CDC2A2836CFD4006B8F23 /* TripReviewTests.xctest */ = {isa = PBXFileReference; explicitFileType = wrapper.cfbundle; includeInIndex = 0; path = TripReviewTests.xctest; sourceTree = BUILT_PRODUCTS_DIR; };
		B33CDC2E2836CFD4006B8F23 /* TripReviewTests.swift */ = {isa = PBXFileReference; lastKnownFileType = sourcecode.swift; path = TripReviewTests.swift; sourceTree = "<group>"; };
		B33CDC342836CFD4006B8F23 /* TripReviewUITests.xctest */ = {isa = PBXFileReference; explicitFileType = wrapper.cfbundle; includeInIndex = 0; path = TripReviewUITests.xctest; sourceTree = BUILT_PRODUCTS_DIR; };
		B33CDC382836CFD4006B8F23 /* TripReviewUITests.swift */ = {isa = PBXFileReference; lastKnownFileType = sourcecode.swift; path = TripReviewUITests.swift; sourceTree = "<group>"; };
		B33CDC3A2836CFD4006B8F23 /* TripReviewUITestsLaunchTests.swift */ = {isa = PBXFileReference; lastKnownFileType = sourcecode.swift; path = TripReviewUITestsLaunchTests.swift; sourceTree = "<group>"; };
		B33CDC472836D4D1006B8F23 /* AssemblyBuilder.swift */ = {isa = PBXFileReference; lastKnownFileType = sourcecode.swift; path = AssemblyBuilder.swift; sourceTree = "<group>"; };
		B33CDC4C2836D703006B8F23 /* MainVCPresenter.swift */ = {isa = PBXFileReference; lastKnownFileType = sourcecode.swift; path = MainVCPresenter.swift; sourceTree = "<group>"; };
		B33CDC4F2836D7C6006B8F23 /* NetworkService.swift */ = {isa = PBXFileReference; lastKnownFileType = sourcecode.swift; path = NetworkService.swift; sourceTree = "<group>"; };
		B33CDC522836DB9A006B8F23 /* Api.swift */ = {isa = PBXFileReference; lastKnownFileType = sourcecode.swift; path = Api.swift; sourceTree = "<group>"; };
		B33CDC542836E2B1006B8F23 /* Constants.swift */ = {isa = PBXFileReference; lastKnownFileType = sourcecode.swift; path = Constants.swift; sourceTree = "<group>"; };
		B33CDC572836E575006B8F23 /* PurpleButton.swift */ = {isa = PBXFileReference; lastKnownFileType = sourcecode.swift; path = PurpleButton.swift; sourceTree = "<group>"; };
		B33CDC5D2836F0F0006B8F23 /* ReviewSlidersVC.swift */ = {isa = PBXFileReference; lastKnownFileType = sourcecode.swift; path = ReviewSlidersVC.swift; sourceTree = "<group>"; };
		B33CDC5F2836F1C2006B8F23 /* ReviewSlidersVCPresenter.swift */ = {isa = PBXFileReference; lastKnownFileType = sourcecode.swift; path = ReviewSlidersVCPresenter.swift; sourceTree = "<group>"; };
		B33CDC612836F8B8006B8F23 /* TopCell.swift */ = {isa = PBXFileReference; lastKnownFileType = sourcecode.swift; path = TopCell.swift; sourceTree = "<group>"; };
		B33CDC632836FADA006B8F23 /* PointCell.swift */ = {isa = PBXFileReference; lastKnownFileType = sourcecode.swift; path = PointCell.swift; sourceTree = "<group>"; };
		B33CDC65283A1631006B8F23 /* Router.swift */ = {isa = PBXFileReference; lastKnownFileType = sourcecode.swift; path = Router.swift; sourceTree = "<group>"; };
		B33CDC69283ACE36006B8F23 /* GrayTitleButton.swift */ = {isa = PBXFileReference; lastKnownFileType = sourcecode.swift; path = GrayTitleButton.swift; sourceTree = "<group>"; };
		B389D735283B6FAD007ED3DC /* Extensions.swift */ = {isa = PBXFileReference; lastKnownFileType = sourcecode.swift; path = Extensions.swift; sourceTree = "<group>"; };
		B389D73B283B73C2007ED3DC /* ReviewTexts.swift */ = {isa = PBXFileReference; lastKnownFileType = sourcecode.swift; path = ReviewTexts.swift; sourceTree = "<group>"; };
		B389D73D283B742C007ED3DC /* ReviewTextsPresenter.swift */ = {isa = PBXFileReference; lastKnownFileType = sourcecode.swift; path = ReviewTextsPresenter.swift; sourceTree = "<group>"; };
		B389D73F283B7AC4007ED3DC /* TextViewWIthPlaceholder.swift */ = {isa = PBXFileReference; lastKnownFileType = sourcecode.swift; path = TextViewWIthPlaceholder.swift; sourceTree = "<group>"; };
		B389D741283B8AE3007ED3DC /* ReviewModel.swift */ = {isa = PBXFileReference; lastKnownFileType = sourcecode.swift; path = ReviewModel.swift; sourceTree = "<group>"; };
		B389D743283BA10E007ED3DC /* SliderForReview.swift */ = {isa = PBXFileReference; lastKnownFileType = sourcecode.swift; path = SliderForReview.swift; sourceTree = "<group>"; };
		B389D745283BC605007ED3DC /* ResponseAlert.swift */ = {isa = PBXFileReference; lastKnownFileType = sourcecode.swift; path = ResponseAlert.swift; sourceTree = "<group>"; };
		B389D747283BC633007ED3DC /* ExtensionForVC.swift */ = {isa = PBXFileReference; lastKnownFileType = sourcecode.swift; path = ExtensionForVC.swift; sourceTree = "<group>"; };
		B68B0912F8F86EE6A0D0530F /* Pods_TripReview_TripReviewUITests.framework */ = {isa = PBXFileReference; explicitFileType = wrapper.framework; includeInIndex = 0; path = Pods_TripReview_TripReviewUITests.framework; sourceTree = BUILT_PRODUCTS_DIR; };
		C2CBA2CB2A0F9020A6923D06 /* Pods-TripReviewTests.debug.xcconfig */ = {isa = PBXFileReference; includeInIndex = 1; lastKnownFileType = text.xcconfig; name = "Pods-TripReviewTests.debug.xcconfig"; path = "Target Support Files/Pods-TripReviewTests/Pods-TripReviewTests.debug.xcconfig"; sourceTree = "<group>"; };
/* End PBXFileReference section */

/* Begin PBXFrameworksBuildPhase section */
		B33CDC112836CFD0006B8F23 /* Frameworks */ = {
			isa = PBXFrameworksBuildPhase;
			buildActionMask = 2147483647;
			files = (
				A853C0DB9DFF1BBC5EA00180 /* Pods_TripReview.framework in Frameworks */,
			);
			runOnlyForDeploymentPostprocessing = 0;
		};
		B33CDC272836CFD4006B8F23 /* Frameworks */ = {
			isa = PBXFrameworksBuildPhase;
			buildActionMask = 2147483647;
			files = (
				81A95DABB762058D78F108E7 /* Pods_TripReviewTests.framework in Frameworks */,
			);
			runOnlyForDeploymentPostprocessing = 0;
		};
		B33CDC312836CFD4006B8F23 /* Frameworks */ = {
			isa = PBXFrameworksBuildPhase;
			buildActionMask = 2147483647;
			files = (
				047E6F5E139695941C0E9598 /* Pods_TripReview_TripReviewUITests.framework in Frameworks */,
			);
			runOnlyForDeploymentPostprocessing = 0;
		};
/* End PBXFrameworksBuildPhase section */

/* Begin PBXGroup section */
		62BCE0F60C6F23C2C797D668 /* Pods */ = {
			isa = PBXGroup;
			children = (
				44912A39D18E628CE883285C /* Pods-TripReview.debug.xcconfig */,
				1A3F0098AF3939A856111475 /* Pods-TripReview.release.xcconfig */,
				4DC0D2ACCF15CA18496C1E48 /* Pods-TripReview-TripReviewUITests.debug.xcconfig */,
				6B3900CFC18C081D06610549 /* Pods-TripReview-TripReviewUITests.release.xcconfig */,
				C2CBA2CB2A0F9020A6923D06 /* Pods-TripReviewTests.debug.xcconfig */,
				113982DD4208BD25653B79D4 /* Pods-TripReviewTests.release.xcconfig */,
			);
			path = Pods;
			sourceTree = "<group>";
		};
		B33CDC0B2836CFD0006B8F23 = {
			isa = PBXGroup;
			children = (
				B33CDC162836CFD0006B8F23 /* TripReview */,
				B33CDC2D2836CFD4006B8F23 /* TripReviewTests */,
				B33CDC372836CFD4006B8F23 /* TripReviewUITests */,
				B33CDC152836CFD0006B8F23 /* Products */,
				62BCE0F60C6F23C2C797D668 /* Pods */,
				E97C7D76AD594181DD52351A /* Frameworks */,
			);
			sourceTree = "<group>";
		};
		B33CDC152836CFD0006B8F23 /* Products */ = {
			isa = PBXGroup;
			children = (
				B33CDC142836CFD0006B8F23 /* TripReview.app */,
				B33CDC2A2836CFD4006B8F23 /* TripReviewTests.xctest */,
				B33CDC342836CFD4006B8F23 /* TripReviewUITests.xctest */,
			);
			name = Products;
			sourceTree = "<group>";
		};
		B33CDC162836CFD0006B8F23 /* TripReview */ = {
			isa = PBXGroup;
			children = (
				B33CDC172836CFD0006B8F23 /* AppDelegate.swift */,
				B33CDC472836D4D1006B8F23 /* AssemblyBuilder.swift */,
				B33CDC65283A1631006B8F23 /* Router.swift */,
				B389D735283B6FAD007ED3DC /* Extensions.swift */,
				B389D749283BCFC8007ED3DC /* Extensions */,
				B33CDC562836E56A006B8F23 /* CustomUI */,
				B33CDC512836DB91006B8F23 /* Objects */,
				B33CDC4E2836D7AC006B8F23 /* Services */,
				B33CDC492836D5BB006B8F23 /* Main */,
				B33CDC592836F04B006B8F23 /* FirstPartOfReview */,
				B389D737283B7348007ED3DC /* SecondPartOfReview */,
				B33CDC202836CFD4006B8F23 /* Assets.xcassets */,
				B33CDC222836CFD4006B8F23 /* LaunchScreen.storyboard */,
				B33CDC252836CFD4006B8F23 /* Info.plist */,
			);
			path = TripReview;
			sourceTree = "<group>";
		};
		B33CDC2D2836CFD4006B8F23 /* TripReviewTests */ = {
			isa = PBXGroup;
			children = (
				B33CDC2E2836CFD4006B8F23 /* TripReviewTests.swift */,
			);
			path = TripReviewTests;
			sourceTree = "<group>";
		};
		B33CDC372836CFD4006B8F23 /* TripReviewUITests */ = {
			isa = PBXGroup;
			children = (
				B33CDC382836CFD4006B8F23 /* TripReviewUITests.swift */,
				B33CDC3A2836CFD4006B8F23 /* TripReviewUITestsLaunchTests.swift */,
			);
			path = TripReviewUITests;
			sourceTree = "<group>";
		};
		B33CDC492836D5BB006B8F23 /* Main */ = {
			isa = PBXGroup;
			children = (
				B33CDC4B2836D5D1006B8F23 /* Presenter */,
				B33CDC4A2836D5C9006B8F23 /* View */,
			);
			path = Main;
			sourceTree = "<group>";
		};
		B33CDC4A2836D5C9006B8F23 /* View */ = {
			isa = PBXGroup;
			children = (
				B33CDC1B2836CFD0006B8F23 /* MainVC.swift */,
			);
			path = View;
			sourceTree = "<group>";
		};
		B33CDC4B2836D5D1006B8F23 /* Presenter */ = {
			isa = PBXGroup;
			children = (
				B33CDC4C2836D703006B8F23 /* MainVCPresenter.swift */,
			);
			path = Presenter;
			sourceTree = "<group>";
		};
		B33CDC4E2836D7AC006B8F23 /* Services */ = {
			isa = PBXGroup;
			children = (
				B33CDC4F2836D7C6006B8F23 /* NetworkService.swift */,
			);
			path = Services;
			sourceTree = "<group>";
		};
		B33CDC512836DB91006B8F23 /* Objects */ = {
			isa = PBXGroup;
			children = (
				B33CDC522836DB9A006B8F23 /* Api.swift */,
				B33CDC542836E2B1006B8F23 /* Constants.swift */,
			);
			path = Objects;
			sourceTree = "<group>";
		};
		B33CDC562836E56A006B8F23 /* CustomUI */ = {
			isa = PBXGroup;
			children = (
				B33CDC572836E575006B8F23 /* PurpleButton.swift */,
				B33CDC69283ACE36006B8F23 /* GrayTitleButton.swift */,
				B389D73F283B7AC4007ED3DC /* TextViewWIthPlaceholder.swift */,
				B389D743283BA10E007ED3DC /* SliderForReview.swift */,
				B389D745283BC605007ED3DC /* ResponseAlert.swift */,
			);
			path = CustomUI;
			sourceTree = "<group>";
		};
		B33CDC592836F04B006B8F23 /* FirstPartOfReview */ = {
			isa = PBXGroup;
			children = (
				B33CDC5B2836F068006B8F23 /* Presenter */,
				B33CDC5A2836F064006B8F23 /* View */,
			);
			path = FirstPartOfReview;
			sourceTree = "<group>";
		};
		B33CDC5A2836F064006B8F23 /* View */ = {
			isa = PBXGroup;
			children = (
				B33CDC5D2836F0F0006B8F23 /* ReviewSlidersVC.swift */,
				B33CDC612836F8B8006B8F23 /* TopCell.swift */,
				B33CDC632836FADA006B8F23 /* PointCell.swift */,
			);
			path = View;
			sourceTree = "<group>";
		};
		B33CDC5B2836F068006B8F23 /* Presenter */ = {
			isa = PBXGroup;
			children = (
				B33CDC5F2836F1C2006B8F23 /* ReviewSlidersVCPresenter.swift */,
			);
			path = Presenter;
			sourceTree = "<group>";
		};
		B389D737283B7348007ED3DC /* SecondPartOfReview */ = {
			isa = PBXGroup;
			children = (
				B389D738283B735C007ED3DC /* Model */,
				B389D739283B7363007ED3DC /* Presenter */,
				B389D73A283B736E007ED3DC /* View */,
			);
			path = SecondPartOfReview;
			sourceTree = "<group>";
		};
		B389D738283B735C007ED3DC /* Model */ = {
			isa = PBXGroup;
			children = (
				B389D741283B8AE3007ED3DC /* ReviewModel.swift */,
			);
			path = Model;
			sourceTree = "<group>";
		};
		B389D739283B7363007ED3DC /* Presenter */ = {
			isa = PBXGroup;
			children = (
				B389D73D283B742C007ED3DC /* ReviewTextsPresenter.swift */,
			);
			path = Presenter;
			sourceTree = "<group>";
		};
		B389D73A283B736E007ED3DC /* View */ = {
			isa = PBXGroup;
			children = (
				B389D73B283B73C2007ED3DC /* ReviewTexts.swift */,
			);
			path = View;
			sourceTree = "<group>";
		};
		B389D749283BCFC8007ED3DC /* Extensions */ = {
			isa = PBXGroup;
			children = (
				B389D747283BC633007ED3DC /* ExtensionForVC.swift */,
			);
			path = Extensions;
			sourceTree = "<group>";
		};
		E97C7D76AD594181DD52351A /* Frameworks */ = {
			isa = PBXGroup;
			children = (
				39EFAE5EA22EB0F8E36D9E79 /* Pods_TripReview.framework */,
				B68B0912F8F86EE6A0D0530F /* Pods_TripReview_TripReviewUITests.framework */,
				376B7CA96A360A50AA518077 /* Pods_TripReviewTests.framework */,
			);
			name = Frameworks;
			sourceTree = "<group>";
		};
/* End PBXGroup section */

/* Begin PBXNativeTarget section */
		B33CDC132836CFD0006B8F23 /* TripReview */ = {
			isa = PBXNativeTarget;
			buildConfigurationList = B33CDC3E2836CFD4006B8F23 /* Build configuration list for PBXNativeTarget "TripReview" */;
			buildPhases = (
				BFFF0E7929A0A090F35A8DD6 /* [CP] Check Pods Manifest.lock */,
				B33CDC102836CFD0006B8F23 /* Sources */,
				B33CDC112836CFD0006B8F23 /* Frameworks */,
				B33CDC122836CFD0006B8F23 /* Resources */,
				F1F5447E41C848D7F26F0BB8 /* [CP] Embed Pods Frameworks */,
			);
			buildRules = (
			);
			dependencies = (
			);
			name = TripReview;
			productName = TripReview;
			productReference = B33CDC142836CFD0006B8F23 /* TripReview.app */;
			productType = "com.apple.product-type.application";
		};
		B33CDC292836CFD4006B8F23 /* TripReviewTests */ = {
			isa = PBXNativeTarget;
			buildConfigurationList = B33CDC412836CFD4006B8F23 /* Build configuration list for PBXNativeTarget "TripReviewTests" */;
			buildPhases = (
				BACC5E7E9589D5F2FD4B2731 /* [CP] Check Pods Manifest.lock */,
				B33CDC262836CFD4006B8F23 /* Sources */,
				B33CDC272836CFD4006B8F23 /* Frameworks */,
				B33CDC282836CFD4006B8F23 /* Resources */,
			);
			buildRules = (
			);
			dependencies = (
				B33CDC2C2836CFD4006B8F23 /* PBXTargetDependency */,
			);
			name = TripReviewTests;
			productName = TripReviewTests;
			productReference = B33CDC2A2836CFD4006B8F23 /* TripReviewTests.xctest */;
			productType = "com.apple.product-type.bundle.unit-test";
		};
		B33CDC332836CFD4006B8F23 /* TripReviewUITests */ = {
			isa = PBXNativeTarget;
			buildConfigurationList = B33CDC442836CFD4006B8F23 /* Build configuration list for PBXNativeTarget "TripReviewUITests" */;
			buildPhases = (
				48AFA9746B8E24FA7318A7F9 /* [CP] Check Pods Manifest.lock */,
				B33CDC302836CFD4006B8F23 /* Sources */,
				B33CDC312836CFD4006B8F23 /* Frameworks */,
				B33CDC322836CFD4006B8F23 /* Resources */,
				DC8B5BF398F09EA20E96E107 /* [CP] Embed Pods Frameworks */,
			);
			buildRules = (
			);
			dependencies = (
				B33CDC362836CFD4006B8F23 /* PBXTargetDependency */,
			);
			name = TripReviewUITests;
			productName = TripReviewUITests;
			productReference = B33CDC342836CFD4006B8F23 /* TripReviewUITests.xctest */;
			productType = "com.apple.product-type.bundle.ui-testing";
		};
/* End PBXNativeTarget section */

/* Begin PBXProject section */
		B33CDC0C2836CFD0006B8F23 /* Project object */ = {
			isa = PBXProject;
			attributes = {
				BuildIndependentTargetsInParallel = 1;
				LastSwiftUpdateCheck = 1310;
				LastUpgradeCheck = 1310;
				TargetAttributes = {
					B33CDC132836CFD0006B8F23 = {
						CreatedOnToolsVersion = 13.1;
					};
					B33CDC292836CFD4006B8F23 = {
						CreatedOnToolsVersion = 13.1;
						TestTargetID = B33CDC132836CFD0006B8F23;
					};
					B33CDC332836CFD4006B8F23 = {
						CreatedOnToolsVersion = 13.1;
						TestTargetID = B33CDC132836CFD0006B8F23;
					};
				};
			};
			buildConfigurationList = B33CDC0F2836CFD0006B8F23 /* Build configuration list for PBXProject "TripReview" */;
			compatibilityVersion = "Xcode 13.0";
			developmentRegion = en;
			hasScannedForEncodings = 0;
			knownRegions = (
				en,
				Base,
			);
			mainGroup = B33CDC0B2836CFD0006B8F23;
			productRefGroup = B33CDC152836CFD0006B8F23 /* Products */;
			projectDirPath = "";
			projectRoot = "";
			targets = (
				B33CDC132836CFD0006B8F23 /* TripReview */,
				B33CDC292836CFD4006B8F23 /* TripReviewTests */,
				B33CDC332836CFD4006B8F23 /* TripReviewUITests */,
			);
		};
/* End PBXProject section */

/* Begin PBXResourcesBuildPhase section */
		B33CDC122836CFD0006B8F23 /* Resources */ = {
			isa = PBXResourcesBuildPhase;
			buildActionMask = 2147483647;
			files = (
				B33CDC242836CFD4006B8F23 /* LaunchScreen.storyboard in Resources */,
				B33CDC212836CFD4006B8F23 /* Assets.xcassets in Resources */,
			);
			runOnlyForDeploymentPostprocessing = 0;
		};
		B33CDC282836CFD4006B8F23 /* Resources */ = {
			isa = PBXResourcesBuildPhase;
			buildActionMask = 2147483647;
			files = (
			);
			runOnlyForDeploymentPostprocessing = 0;
		};
		B33CDC322836CFD4006B8F23 /* Resources */ = {
			isa = PBXResourcesBuildPhase;
			buildActionMask = 2147483647;
			files = (
			);
			runOnlyForDeploymentPostprocessing = 0;
		};
/* End PBXResourcesBuildPhase section */

/* Begin PBXShellScriptBuildPhase section */
		48AFA9746B8E24FA7318A7F9 /* [CP] Check Pods Manifest.lock */ = {
			isa = PBXShellScriptBuildPhase;
			buildActionMask = 2147483647;
			files = (
			);
			inputFileListPaths = (
			);
			inputPaths = (
				"${PODS_PODFILE_DIR_PATH}/Podfile.lock",
				"${PODS_ROOT}/Manifest.lock",
			);
			name = "[CP] Check Pods Manifest.lock";
			outputFileListPaths = (
			);
			outputPaths = (
				"$(DERIVED_FILE_DIR)/Pods-TripReview-TripReviewUITests-checkManifestLockResult.txt",
			);
			runOnlyForDeploymentPostprocessing = 0;
			shellPath = /bin/sh;
			shellScript = "diff \"${PODS_PODFILE_DIR_PATH}/Podfile.lock\" \"${PODS_ROOT}/Manifest.lock\" > /dev/null\nif [ $? != 0 ] ; then\n    # print error to STDERR\n    echo \"error: The sandbox is not in sync with the Podfile.lock. Run 'pod install' or update your CocoaPods installation.\" >&2\n    exit 1\nfi\n# This output is used by Xcode 'outputs' to avoid re-running this script phase.\necho \"SUCCESS\" > \"${SCRIPT_OUTPUT_FILE_0}\"\n";
			showEnvVarsInLog = 0;
		};
		BACC5E7E9589D5F2FD4B2731 /* [CP] Check Pods Manifest.lock */ = {
			isa = PBXShellScriptBuildPhase;
			buildActionMask = 2147483647;
			files = (
			);
			inputFileListPaths = (
			);
			inputPaths = (
				"${PODS_PODFILE_DIR_PATH}/Podfile.lock",
				"${PODS_ROOT}/Manifest.lock",
			);
			name = "[CP] Check Pods Manifest.lock";
			outputFileListPaths = (
			);
			outputPaths = (
				"$(DERIVED_FILE_DIR)/Pods-TripReviewTests-checkManifestLockResult.txt",
			);
			runOnlyForDeploymentPostprocessing = 0;
			shellPath = /bin/sh;
			shellScript = "diff \"${PODS_PODFILE_DIR_PATH}/Podfile.lock\" \"${PODS_ROOT}/Manifest.lock\" > /dev/null\nif [ $? != 0 ] ; then\n    # print error to STDERR\n    echo \"error: The sandbox is not in sync with the Podfile.lock. Run 'pod install' or update your CocoaPods installation.\" >&2\n    exit 1\nfi\n# This output is used by Xcode 'outputs' to avoid re-running this script phase.\necho \"SUCCESS\" > \"${SCRIPT_OUTPUT_FILE_0}\"\n";
			showEnvVarsInLog = 0;
		};
		BFFF0E7929A0A090F35A8DD6 /* [CP] Check Pods Manifest.lock */ = {
			isa = PBXShellScriptBuildPhase;
			buildActionMask = 2147483647;
			files = (
			);
			inputFileListPaths = (
			);
			inputPaths = (
				"${PODS_PODFILE_DIR_PATH}/Podfile.lock",
				"${PODS_ROOT}/Manifest.lock",
			);
			name = "[CP] Check Pods Manifest.lock";
			outputFileListPaths = (
			);
			outputPaths = (
				"$(DERIVED_FILE_DIR)/Pods-TripReview-checkManifestLockResult.txt",
			);
			runOnlyForDeploymentPostprocessing = 0;
			shellPath = /bin/sh;
			shellScript = "diff \"${PODS_PODFILE_DIR_PATH}/Podfile.lock\" \"${PODS_ROOT}/Manifest.lock\" > /dev/null\nif [ $? != 0 ] ; then\n    # print error to STDERR\n    echo \"error: The sandbox is not in sync with the Podfile.lock. Run 'pod install' or update your CocoaPods installation.\" >&2\n    exit 1\nfi\n# This output is used by Xcode 'outputs' to avoid re-running this script phase.\necho \"SUCCESS\" > \"${SCRIPT_OUTPUT_FILE_0}\"\n";
			showEnvVarsInLog = 0;
		};
		DC8B5BF398F09EA20E96E107 /* [CP] Embed Pods Frameworks */ = {
			isa = PBXShellScriptBuildPhase;
			buildActionMask = 2147483647;
			files = (
			);
			inputFileListPaths = (
				"${PODS_ROOT}/Target Support Files/Pods-TripReview-TripReviewUITests/Pods-TripReview-TripReviewUITests-frameworks-${CONFIGURATION}-input-files.xcfilelist",
			);
			name = "[CP] Embed Pods Frameworks";
			outputFileListPaths = (
				"${PODS_ROOT}/Target Support Files/Pods-TripReview-TripReviewUITests/Pods-TripReview-TripReviewUITests-frameworks-${CONFIGURATION}-output-files.xcfilelist",
			);
			runOnlyForDeploymentPostprocessing = 0;
			shellPath = /bin/sh;
			shellScript = "\"${PODS_ROOT}/Target Support Files/Pods-TripReview-TripReviewUITests/Pods-TripReview-TripReviewUITests-frameworks.sh\"\n";
			showEnvVarsInLog = 0;
		};
		F1F5447E41C848D7F26F0BB8 /* [CP] Embed Pods Frameworks */ = {
			isa = PBXShellScriptBuildPhase;
			buildActionMask = 2147483647;
			files = (
			);
			inputFileListPaths = (
				"${PODS_ROOT}/Target Support Files/Pods-TripReview/Pods-TripReview-frameworks-${CONFIGURATION}-input-files.xcfilelist",
			);
			name = "[CP] Embed Pods Frameworks";
			outputFileListPaths = (
				"${PODS_ROOT}/Target Support Files/Pods-TripReview/Pods-TripReview-frameworks-${CONFIGURATION}-output-files.xcfilelist",
			);
			runOnlyForDeploymentPostprocessing = 0;
			shellPath = /bin/sh;
			shellScript = "\"${PODS_ROOT}/Target Support Files/Pods-TripReview/Pods-TripReview-frameworks.sh\"\n";
			showEnvVarsInLog = 0;
		};
/* End PBXShellScriptBuildPhase section */

/* Begin PBXSourcesBuildPhase section */
		B33CDC102836CFD0006B8F23 /* Sources */ = {
			isa = PBXSourcesBuildPhase;
			buildActionMask = 2147483647;
			files = (
				B33CDC532836DB9A006B8F23 /* Api.swift in Sources */,
				B33CDC502836D7C6006B8F23 /* NetworkService.swift in Sources */,
				B33CDC582836E575006B8F23 /* PurpleButton.swift in Sources */,
				B33CDC5E2836F0F0006B8F23 /* ReviewSlidersVC.swift in Sources */,
				B33CDC642836FADA006B8F23 /* PointCell.swift in Sources */,
				B389D748283BC633007ED3DC /* ExtensionForVC.swift in Sources */,
				B33CDC602836F1C2006B8F23 /* ReviewSlidersVCPresenter.swift in Sources */,
				B33CDC1C2836CFD0006B8F23 /* MainVC.swift in Sources */,
				B33CDC6A283ACE36006B8F23 /* GrayTitleButton.swift in Sources */,
				B33CDC182836CFD0006B8F23 /* AppDelegate.swift in Sources */,
				B389D73E283B742C007ED3DC /* ReviewTextsPresenter.swift in Sources */,
				B33CDC552836E2B1006B8F23 /* Constants.swift in Sources */,
				B389D736283B6FAD007ED3DC /* Extensions.swift in Sources */,
				B33CDC4D2836D703006B8F23 /* MainVCPresenter.swift in Sources */,
				B389D740283B7AC4007ED3DC /* TextViewWIthPlaceholder.swift in Sources */,
				B389D744283BA10F007ED3DC /* SliderForReview.swift in Sources */,
				B389D742283B8AE3007ED3DC /* ReviewModel.swift in Sources */,
				B389D73C283B73C2007ED3DC /* ReviewTexts.swift in Sources */,
				B389D746283BC605007ED3DC /* ResponseAlert.swift in Sources */,
				B33CDC482836D4D1006B8F23 /* AssemblyBuilder.swift in Sources */,
				B33CDC622836F8B8006B8F23 /* TopCell.swift in Sources */,
				B33CDC66283A1631006B8F23 /* Router.swift in Sources */,
			);
			runOnlyForDeploymentPostprocessing = 0;
		};
		B33CDC262836CFD4006B8F23 /* Sources */ = {
			isa = PBXSourcesBuildPhase;
			buildActionMask = 2147483647;
			files = (
				B33CDC2F2836CFD4006B8F23 /* TripReviewTests.swift in Sources */,
			);
			runOnlyForDeploymentPostprocessing = 0;
		};
		B33CDC302836CFD4006B8F23 /* Sources */ = {
			isa = PBXSourcesBuildPhase;
			buildActionMask = 2147483647;
			files = (
				B33CDC392836CFD4006B8F23 /* TripReviewUITests.swift in Sources */,
				B33CDC3B2836CFD4006B8F23 /* TripReviewUITestsLaunchTests.swift in Sources */,
			);
			runOnlyForDeploymentPostprocessing = 0;
		};
/* End PBXSourcesBuildPhase section */

/* Begin PBXTargetDependency section */
		B33CDC2C2836CFD4006B8F23 /* PBXTargetDependency */ = {
			isa = PBXTargetDependency;
			target = B33CDC132836CFD0006B8F23 /* TripReview */;
			targetProxy = B33CDC2B2836CFD4006B8F23 /* PBXContainerItemProxy */;
		};
		B33CDC362836CFD4006B8F23 /* PBXTargetDependency */ = {
			isa = PBXTargetDependency;
			target = B33CDC132836CFD0006B8F23 /* TripReview */;
			targetProxy = B33CDC352836CFD4006B8F23 /* PBXContainerItemProxy */;
		};
/* End PBXTargetDependency section */

/* Begin PBXVariantGroup section */
		B33CDC222836CFD4006B8F23 /* LaunchScreen.storyboard */ = {
			isa = PBXVariantGroup;
			children = (
				B33CDC232836CFD4006B8F23 /* Base */,
			);
			name = LaunchScreen.storyboard;
			sourceTree = "<group>";
		};
/* End PBXVariantGroup section */

/* Begin XCBuildConfiguration section */
		B33CDC3C2836CFD4006B8F23 /* Debug */ = {
			isa = XCBuildConfiguration;
			buildSettings = {
				ALWAYS_SEARCH_USER_PATHS = NO;
				CLANG_ANALYZER_NONNULL = YES;
				CLANG_ANALYZER_NUMBER_OBJECT_CONVERSION = YES_AGGRESSIVE;
				CLANG_CXX_LANGUAGE_STANDARD = "gnu++17";
				CLANG_CXX_LIBRARY = "libc++";
				CLANG_ENABLE_MODULES = YES;
				CLANG_ENABLE_OBJC_ARC = YES;
				CLANG_ENABLE_OBJC_WEAK = YES;
				CLANG_WARN_BLOCK_CAPTURE_AUTORELEASING = YES;
				CLANG_WARN_BOOL_CONVERSION = YES;
				CLANG_WARN_COMMA = YES;
				CLANG_WARN_CONSTANT_CONVERSION = YES;
				CLANG_WARN_DEPRECATED_OBJC_IMPLEMENTATIONS = YES;
				CLANG_WARN_DIRECT_OBJC_ISA_USAGE = YES_ERROR;
				CLANG_WARN_DOCUMENTATION_COMMENTS = YES;
				CLANG_WARN_EMPTY_BODY = YES;
				CLANG_WARN_ENUM_CONVERSION = YES;
				CLANG_WARN_INFINITE_RECURSION = YES;
				CLANG_WARN_INT_CONVERSION = YES;
				CLANG_WARN_NON_LITERAL_NULL_CONVERSION = YES;
				CLANG_WARN_OBJC_IMPLICIT_RETAIN_SELF = YES;
				CLANG_WARN_OBJC_LITERAL_CONVERSION = YES;
				CLANG_WARN_OBJC_ROOT_CLASS = YES_ERROR;
				CLANG_WARN_QUOTED_INCLUDE_IN_FRAMEWORK_HEADER = YES;
				CLANG_WARN_RANGE_LOOP_ANALYSIS = YES;
				CLANG_WARN_STRICT_PROTOTYPES = YES;
				CLANG_WARN_SUSPICIOUS_MOVE = YES;
				CLANG_WARN_UNGUARDED_AVAILABILITY = YES_AGGRESSIVE;
				CLANG_WARN_UNREACHABLE_CODE = YES;
				CLANG_WARN__DUPLICATE_METHOD_MATCH = YES;
				COPY_PHASE_STRIP = NO;
				DEBUG_INFORMATION_FORMAT = dwarf;
				ENABLE_STRICT_OBJC_MSGSEND = YES;
				ENABLE_TESTABILITY = YES;
				GCC_C_LANGUAGE_STANDARD = gnu11;
				GCC_DYNAMIC_NO_PIC = NO;
				GCC_NO_COMMON_BLOCKS = YES;
				GCC_OPTIMIZATION_LEVEL = 0;
				GCC_PREPROCESSOR_DEFINITIONS = (
					"DEBUG=1",
					"$(inherited)",
				);
				GCC_WARN_64_TO_32_BIT_CONVERSION = YES;
				GCC_WARN_ABOUT_RETURN_TYPE = YES_ERROR;
				GCC_WARN_UNDECLARED_SELECTOR = YES;
				GCC_WARN_UNINITIALIZED_AUTOS = YES_AGGRESSIVE;
				GCC_WARN_UNUSED_FUNCTION = YES;
				GCC_WARN_UNUSED_VARIABLE = YES;
				IPHONEOS_DEPLOYMENT_TARGET = 15.0;
				MTL_ENABLE_DEBUG_INFO = INCLUDE_SOURCE;
				MTL_FAST_MATH = YES;
				ONLY_ACTIVE_ARCH = YES;
				SDKROOT = iphoneos;
				SWIFT_ACTIVE_COMPILATION_CONDITIONS = DEBUG;
				SWIFT_OPTIMIZATION_LEVEL = "-Onone";
			};
			name = Debug;
		};
		B33CDC3D2836CFD4006B8F23 /* Release */ = {
			isa = XCBuildConfiguration;
			buildSettings = {
				ALWAYS_SEARCH_USER_PATHS = NO;
				CLANG_ANALYZER_NONNULL = YES;
				CLANG_ANALYZER_NUMBER_OBJECT_CONVERSION = YES_AGGRESSIVE;
				CLANG_CXX_LANGUAGE_STANDARD = "gnu++17";
				CLANG_CXX_LIBRARY = "libc++";
				CLANG_ENABLE_MODULES = YES;
				CLANG_ENABLE_OBJC_ARC = YES;
				CLANG_ENABLE_OBJC_WEAK = YES;
				CLANG_WARN_BLOCK_CAPTURE_AUTORELEASING = YES;
				CLANG_WARN_BOOL_CONVERSION = YES;
				CLANG_WARN_COMMA = YES;
				CLANG_WARN_CONSTANT_CONVERSION = YES;
				CLANG_WARN_DEPRECATED_OBJC_IMPLEMENTATIONS = YES;
				CLANG_WARN_DIRECT_OBJC_ISA_USAGE = YES_ERROR;
				CLANG_WARN_DOCUMENTATION_COMMENTS = YES;
				CLANG_WARN_EMPTY_BODY = YES;
				CLANG_WARN_ENUM_CONVERSION = YES;
				CLANG_WARN_INFINITE_RECURSION = YES;
				CLANG_WARN_INT_CONVERSION = YES;
				CLANG_WARN_NON_LITERAL_NULL_CONVERSION = YES;
				CLANG_WARN_OBJC_IMPLICIT_RETAIN_SELF = YES;
				CLANG_WARN_OBJC_LITERAL_CONVERSION = YES;
				CLANG_WARN_OBJC_ROOT_CLASS = YES_ERROR;
				CLANG_WARN_QUOTED_INCLUDE_IN_FRAMEWORK_HEADER = YES;
				CLANG_WARN_RANGE_LOOP_ANALYSIS = YES;
				CLANG_WARN_STRICT_PROTOTYPES = YES;
				CLANG_WARN_SUSPICIOUS_MOVE = YES;
				CLANG_WARN_UNGUARDED_AVAILABILITY = YES_AGGRESSIVE;
				CLANG_WARN_UNREACHABLE_CODE = YES;
				CLANG_WARN__DUPLICATE_METHOD_MATCH = YES;
				COPY_PHASE_STRIP = NO;
				DEBUG_INFORMATION_FORMAT = "dwarf-with-dsym";
				ENABLE_NS_ASSERTIONS = NO;
				ENABLE_STRICT_OBJC_MSGSEND = YES;
				GCC_C_LANGUAGE_STANDARD = gnu11;
				GCC_NO_COMMON_BLOCKS = YES;
				GCC_WARN_64_TO_32_BIT_CONVERSION = YES;
				GCC_WARN_ABOUT_RETURN_TYPE = YES_ERROR;
				GCC_WARN_UNDECLARED_SELECTOR = YES;
				GCC_WARN_UNINITIALIZED_AUTOS = YES_AGGRESSIVE;
				GCC_WARN_UNUSED_FUNCTION = YES;
				GCC_WARN_UNUSED_VARIABLE = YES;
				IPHONEOS_DEPLOYMENT_TARGET = 15.0;
				MTL_ENABLE_DEBUG_INFO = NO;
				MTL_FAST_MATH = YES;
				SDKROOT = iphoneos;
				SWIFT_COMPILATION_MODE = wholemodule;
				SWIFT_OPTIMIZATION_LEVEL = "-O";
				VALIDATE_PRODUCT = YES;
			};
			name = Release;
		};
		B33CDC3F2836CFD4006B8F23 /* Debug */ = {
			isa = XCBuildConfiguration;
			baseConfigurationReference = 44912A39D18E628CE883285C /* Pods-TripReview.debug.xcconfig */;
			buildSettings = {
				ASSETCATALOG_COMPILER_APPICON_NAME = AppIcon;
				ASSETCATALOG_COMPILER_GLOBAL_ACCENT_COLOR_NAME = AccentColor;
				CODE_SIGN_STYLE = Automatic;
				CURRENT_PROJECT_VERSION = 1;
				DEVELOPMENT_TEAM = WZ79T2T95T;
				GENERATE_INFOPLIST_FILE = YES;
				INFOPLIST_FILE = TripReview/Info.plist;
				INFOPLIST_KEY_UIApplicationSupportsIndirectInputEvents = YES;
				INFOPLIST_KEY_UILaunchStoryboardName = LaunchScreen;
				INFOPLIST_KEY_UISupportedInterfaceOrientations_iPad = "UIInterfaceOrientationPortrait UIInterfaceOrientationPortraitUpsideDown UIInterfaceOrientationLandscapeLeft UIInterfaceOrientationLandscapeRight";
				INFOPLIST_KEY_UISupportedInterfaceOrientations_iPhone = "UIInterfaceOrientationPortrait UIInterfaceOrientationLandscapeLeft UIInterfaceOrientationLandscapeRight";
				IPHONEOS_DEPLOYMENT_TARGET = 11.0;
				LD_RUNPATH_SEARCH_PATHS = (
					"$(inherited)",
					"@executable_path/Frameworks",
				);
				MARKETING_VERSION = 1.0;
				PRODUCT_BUNDLE_IDENTIFIER = "-.TripReview";
				PRODUCT_NAME = "$(TARGET_NAME)";
				SWIFT_EMIT_LOC_STRINGS = YES;
				SWIFT_VERSION = 5.0;
				TARGETED_DEVICE_FAMILY = "1,2";
			};
			name = Debug;
		};
		B33CDC402836CFD4006B8F23 /* Release */ = {
			isa = XCBuildConfiguration;
			baseConfigurationReference = 1A3F0098AF3939A856111475 /* Pods-TripReview.release.xcconfig */;
			buildSettings = {
				ASSETCATALOG_COMPILER_APPICON_NAME = AppIcon;
				ASSETCATALOG_COMPILER_GLOBAL_ACCENT_COLOR_NAME = AccentColor;
				CODE_SIGN_STYLE = Automatic;
				CURRENT_PROJECT_VERSION = 1;
				DEVELOPMENT_TEAM = WZ79T2T95T;
				GENERATE_INFOPLIST_FILE = YES;
				INFOPLIST_FILE = TripReview/Info.plist;
				INFOPLIST_KEY_UIApplicationSupportsIndirectInputEvents = YES;
				INFOPLIST_KEY_UILaunchStoryboardName = LaunchScreen;
				INFOPLIST_KEY_UISupportedInterfaceOrientations_iPad = "UIInterfaceOrientationPortrait UIInterfaceOrientationPortraitUpsideDown UIInterfaceOrientationLandscapeLeft UIInterfaceOrientationLandscapeRight";
				INFOPLIST_KEY_UISupportedInterfaceOrientations_iPhone = "UIInterfaceOrientationPortrait UIInterfaceOrientationLandscapeLeft UIInterfaceOrientationLandscapeRight";
				IPHONEOS_DEPLOYMENT_TARGET = 11.0;
				LD_RUNPATH_SEARCH_PATHS = (
					"$(inherited)",
					"@executable_path/Frameworks",
				);
				MARKETING_VERSION = 1.0;
				PRODUCT_BUNDLE_IDENTIFIER = "-.TripReview";
				PRODUCT_NAME = "$(TARGET_NAME)";
				SWIFT_EMIT_LOC_STRINGS = YES;
				SWIFT_VERSION = 5.0;
				TARGETED_DEVICE_FAMILY = "1,2";
			};
			name = Release;
		};
		B33CDC422836CFD4006B8F23 /* Debug */ = {
			isa = XCBuildConfiguration;
			baseConfigurationReference = C2CBA2CB2A0F9020A6923D06 /* Pods-TripReviewTests.debug.xcconfig */;
			buildSettings = {
				ALWAYS_EMBED_SWIFT_STANDARD_LIBRARIES = YES;
				BUNDLE_LOADER = "$(TEST_HOST)";
				CODE_SIGN_STYLE = Automatic;
				CURRENT_PROJECT_VERSION = 1;
				DEVELOPMENT_TEAM = WZ79T2T95T;
				GENERATE_INFOPLIST_FILE = YES;
				IPHONEOS_DEPLOYMENT_TARGET = 15.0;
				LD_RUNPATH_SEARCH_PATHS = (
					"$(inherited)",
					"@executable_path/Frameworks",
					"@loader_path/Frameworks",
				);
				MARKETING_VERSION = 1.0;
				PRODUCT_BUNDLE_IDENTIFIER = "-.TripReviewTests";
				PRODUCT_NAME = "$(TARGET_NAME)";
				SWIFT_EMIT_LOC_STRINGS = NO;
				SWIFT_VERSION = 5.0;
				TARGETED_DEVICE_FAMILY = "1,2";
				TEST_HOST = "$(BUILT_PRODUCTS_DIR)/TripReview.app/TripReview";
			};
			name = Debug;
		};
		B33CDC432836CFD4006B8F23 /* Release */ = {
			isa = XCBuildConfiguration;
			baseConfigurationReference = 113982DD4208BD25653B79D4 /* Pods-TripReviewTests.release.xcconfig */;
			buildSettings = {
				ALWAYS_EMBED_SWIFT_STANDARD_LIBRARIES = YES;
				BUNDLE_LOADER = "$(TEST_HOST)";
				CODE_SIGN_STYLE = Automatic;
				CURRENT_PROJECT_VERSION = 1;
				DEVELOPMENT_TEAM = WZ79T2T95T;
				GENERATE_INFOPLIST_FILE = YES;
				IPHONEOS_DEPLOYMENT_TARGET = 15.0;
				LD_RUNPATH_SEARCH_PATHS = (
					"$(inherited)",
					"@executable_path/Frameworks",
					"@loader_path/Frameworks",
				);
				MARKETING_VERSION = 1.0;
				PRODUCT_BUNDLE_IDENTIFIER = "-.TripReviewTests";
				PRODUCT_NAME = "$(TARGET_NAME)";
				SWIFT_EMIT_LOC_STRINGS = NO;
				SWIFT_VERSION = 5.0;
				TARGETED_DEVICE_FAMILY = "1,2";
				TEST_HOST = "$(BUILT_PRODUCTS_DIR)/TripReview.app/TripReview";
			};
			name = Release;
		};
		B33CDC452836CFD4006B8F23 /* Debug */ = {
			isa = XCBuildConfiguration;
			baseConfigurationReference = 4DC0D2ACCF15CA18496C1E48 /* Pods-TripReview-TripReviewUITests.debug.xcconfig */;
			buildSettings = {
				ALWAYS_EMBED_SWIFT_STANDARD_LIBRARIES = YES;
				CODE_SIGN_STYLE = Automatic;
				CURRENT_PROJECT_VERSION = 1;
				DEVELOPMENT_TEAM = WZ79T2T95T;
				GENERATE_INFOPLIST_FILE = YES;
				LD_RUNPATH_SEARCH_PATHS = (
					"$(inherited)",
					"@executable_path/Frameworks",
					"@loader_path/Frameworks",
				);
				MARKETING_VERSION = 1.0;
				PRODUCT_BUNDLE_IDENTIFIER = "-.TripReviewUITests";
				PRODUCT_NAME = "$(TARGET_NAME)";
				SWIFT_EMIT_LOC_STRINGS = NO;
				SWIFT_VERSION = 5.0;
				TARGETED_DEVICE_FAMILY = "1,2";
				TEST_TARGET_NAME = TripReview;
			};
			name = Debug;
		};
		B33CDC462836CFD4006B8F23 /* Release */ = {
			isa = XCBuildConfiguration;
			baseConfigurationReference = 6B3900CFC18C081D06610549 /* Pods-TripReview-TripReviewUITests.release.xcconfig */;
			buildSettings = {
				ALWAYS_EMBED_SWIFT_STANDARD_LIBRARIES = YES;
				CODE_SIGN_STYLE = Automatic;
				CURRENT_PROJECT_VERSION = 1;
				DEVELOPMENT_TEAM = WZ79T2T95T;
				GENERATE_INFOPLIST_FILE = YES;
				LD_RUNPATH_SEARCH_PATHS = (
					"$(inherited)",
					"@executable_path/Frameworks",
					"@loader_path/Frameworks",
				);
				MARKETING_VERSION = 1.0;
				PRODUCT_BUNDLE_IDENTIFIER = "-.TripReviewUITests";
				PRODUCT_NAME = "$(TARGET_NAME)";
				SWIFT_EMIT_LOC_STRINGS = NO;
				SWIFT_VERSION = 5.0;
				TARGETED_DEVICE_FAMILY = "1,2";
				TEST_TARGET_NAME = TripReview;
			};
			name = Release;
		};
/* End XCBuildConfiguration section */

/* Begin XCConfigurationList section */
		B33CDC0F2836CFD0006B8F23 /* Build configuration list for PBXProject "TripReview" */ = {
			isa = XCConfigurationList;
			buildConfigurations = (
				B33CDC3C2836CFD4006B8F23 /* Debug */,
				B33CDC3D2836CFD4006B8F23 /* Release */,
			);
			defaultConfigurationIsVisible = 0;
			defaultConfigurationName = Release;
		};
		B33CDC3E2836CFD4006B8F23 /* Build configuration list for PBXNativeTarget "TripReview" */ = {
			isa = XCConfigurationList;
			buildConfigurations = (
				B33CDC3F2836CFD4006B8F23 /* Debug */,
				B33CDC402836CFD4006B8F23 /* Release */,
			);
			defaultConfigurationIsVisible = 0;
			defaultConfigurationName = Release;
		};
		B33CDC412836CFD4006B8F23 /* Build configuration list for PBXNativeTarget "TripReviewTests" */ = {
			isa = XCConfigurationList;
			buildConfigurations = (
				B33CDC422836CFD4006B8F23 /* Debug */,
				B33CDC432836CFD4006B8F23 /* Release */,
			);
			defaultConfigurationIsVisible = 0;
			defaultConfigurationName = Release;
		};
		B33CDC442836CFD4006B8F23 /* Build configuration list for PBXNativeTarget "TripReviewUITests" */ = {
			isa = XCConfigurationList;
			buildConfigurations = (
				B33CDC452836CFD4006B8F23 /* Debug */,
				B33CDC462836CFD4006B8F23 /* Release */,
			);
			defaultConfigurationIsVisible = 0;
			defaultConfigurationName = Release;
		};
/* End XCConfigurationList section */
	};
	rootObject = B33CDC0C2836CFD0006B8F23 /* Project object */;
}
